PODS:
  - Alamofire (4.7.3)
  - BRYXBanner (0.8.3)
  - KeychainSwift (12.0.0)
  - PKHUD (5.2.0)
  - Realm (3.11.0):
    - Realm/Headers (= 3.11.0)
  - Realm/Headers (3.11.0)
  - RealmSwift (3.11.0):
    - Realm (= 3.11.0)
  - RxCocoa (4.3.1):
    - RxSwift (~> 4.0)
  - RxSwift (4.3.1)
  - SwiftDate (5.1.0)
  - SwiftLint (0.27.0)
  - UICircularProgressRing (6.0.2)

DEPENDENCIES:
  - Alamofire (~> 4.7)
  - BRYXBanner
  - KeychainSwift
  - PKHUD
  - RealmSwift
  - RxCocoa (~> 4.0)
  - RxSwift (~> 4.0)
  - SwiftDate
  - SwiftLint
  - UICircularProgressRing

SPEC REPOS:
  https://github.com/cocoapods/specs.git:
    - Alamofire
    - BRYXBanner
    - KeychainSwift
    - PKHUD
    - Realm
    - RealmSwift
    - RxCocoa
    - RxSwift
    - SwiftDate
    - SwiftLint
    - UICircularProgressRing

SPEC CHECKSUMS:
  Alamofire: c7287b6e5d7da964a70935e5db17046b7fde6568
  BRYXBanner: 8cf1b119792e1cee8d7ba107297ef89f7409bc53
  KeychainSwift: d5e776578587ee5958ce36601df22f168f65138a
  PKHUD: dd5357ac65f26115c35c4a68e9b328053326c5fe
  Realm: 92f09a102692b96a9a10e9617f214f15c5ab85fc
  RealmSwift: 5f0481cd658bb751c509314b964a35eaa264d2cf
  RxCocoa: 78763c7b07d02455598d9fc3c1ad091a28b73635
  RxSwift: fe0fd770a43acdb7d0a53da411c9b892e69bb6e4
  SwiftDate: 6329e58969a2de31cea7f1ee1143b247693196e7
  SwiftLint: 3207c1faa2240bf8973b191820a116113cd11073
  UICircularProgressRing: 2ef1293241b83d8020ede21a8fe3b3d859525730

PODFILE CHECKSUM: 1df90a6b90d5834012c8f9d9d5d44ab00c12fff3

COCOAPODS: 1.5.3
